<Solution>
  <Project Path="../Actividad 5/Actividad 5.csproj" Id="df8af367-a3e8-4303-8ecf-ff83b186e6d6" />
  <Project Path="Actividad 1/Actividad 1.csproj" Id="981ab5e0-3603-4215-9892-3235b08607a5" />
  <Project Path="Actividad 2/Actividad 2.csproj" Id="8d82aab7-2725-4236-ab03-a1073f2f17e3" />
  <Project Path="Actividad 3/Actividad 3.csproj" Id="f6addca4-75d6-4ad8-b087-708838ca3489" />
  <Project Path="Actividad 4/Actividad 4.csproj" Id="8cd6ae64-39f3-4950-af87-4e04d52f375c" />
</Solution>
