<Solution>
  <Project Path="Actividad 1/Actividad 1.csproj" Id="78ee66ac-3c22-4aa8-bb79-46758c8f117d" />
  <Project Path="Actividad 2/Actividad 2.csproj" Id="83c59576-fae0-47db-a858-87fa48a85fe5" />
  <Project Path="Actividad 3/Actividad 3.csproj" Id="b11a97e9-999e-4d96-a4c9-c717f6d6757b" />
  <Project Path="Actividad 4/Actividad 4.csproj" Id="db39fe1c-a249-40b4-9a51-1cbc63bf2a3e" />
</Solution>
