<Solution>
  <Project Path="Actividad 1/Actividad 1.csproj" Id="e8e24e9b-49d7-4bf9-8035-94d88cb7dba4" />
  <Project Path="Actividad 2/Actividad 2.csproj" Id="c909ed99-d437-4fe6-b265-633208ace8ec" />
  <Project Path="Actividad 3/Actividad 3.csproj" Id="e63cedf1-b75a-4885-b5eb-7d285626d934" />
</Solution>
