<Solution>
  <Project Path="Actividad 1/Actividad 1.csproj" Id="90b47701-8619-4aea-b5b9-b9dc3a81cab7" />
  <Project Path="Actividad 2/Actividad 2.csproj" Id="e62d92a8-a441-4cdb-a5ff-9caaf8c2a28f" />
  <Project Path="Actividad 3/Actividad 3.csproj" Id="6505ff6b-4f1b-49a7-89d9-ad7012353d51" />
</Solution>
