<Solution>
  <Project Path="Actividad 1/Actividad 1.csproj" Id="6ecd42c0-ec8e-47c1-96c5-8e7e9a715a26" />
  <Project Path="Actividad 2/Actividad 2.csproj" Id="f000a234-2b52-470a-a135-376518414b83" />
  <Project Path="Actividad 3/Actividad 3.csproj" Id="1ea70360-9a74-4ee0-a3a6-fc4db7ba1ad9" />
  <Project Path="Actividad 4/Actividad 4.csproj" Id="22552b54-2e39-4390-9173-3706f90300b0" />
</Solution>
