<Solution>
  <Project Path="Actividad 1/Actividad 1.csproj" Id="aea26368-081e-42b6-aab0-92a0a5fed32c" />
  <Project Path="Actividad 3/Actividad 3.csproj" Id="54ef7240-6d22-4011-b3df-b2b631a334d1" />
  <Project Path="Actividad 4/Actividad 4.csproj" Id="d30f5f3e-0b1d-44be-9a77-e741a2df86c5" />
  <Project Path="ConsoleApp1/Actividad 2.csproj" Id="b856885a-db62-460e-b9f7-edcb63bbf9d4" />
</Solution>
